{
    __meta__ = {
        version = "1.0"
    },
    ["windows|x64"] = {
        ["cmake#31fecfc4"] = {
            repo = {
                branch = "master",
                commit = "123ec42158b7bbf0ce3b143c046ccc5033cf2121",
                url = "https://gitlab.com/tboox/xmake-repo.git"
            },
            version = "3.30.5"
        },
        ["commonlib-shared 51af9b3adfdd81a3058a39f8356749473880b937#0defcfe0"] = {
            repo = {
                commit = "47eca6ffcb79208b9f757df369b2ddad322aac16",
                url = "https://github.com/libxse/libxse-xrepo"
            },
            version = "51af9b3adfdd81a3058a39f8356749473880b937"
        },
        ["ninja#31fecfc4"] = {
            repo = {
                branch = "master",
                commit = "e9889aea30a881b00b518112be21fb9db2508002",
                url = "https://gitlab.com/tboox/xmake-repo.git"
            },
            version = "1.12.1"
        },
        ["spdlog#9c36f0a9"] = {
            repo = {
                branch = "master",
                commit = "e9889aea30a881b00b518112be21fb9db2508002",
                url = "https://gitlab.com/tboox/xmake-repo.git"
            },
            version = "v1.15.3"
        }
    }
}